
Microsoft Visual Studio Solution File, Format Version 12.00
# Visual Studio Version 17
VisualStudioVersion = 17.4.33213.308
MinimumVisualStudioVersion = 10.0.40219.1
Project("{FAE04EC0-301F-11D3-BF4B-00C04F79EFBC}") = "ArtFlow", "ArtFlow\ArtFlow.csproj", "{999E8A8A-D0A2-4EEB-9252-9DF25F3DE1FC}"
EndProject
Project("{FAE04EC0-301F-11D3-BF4B-00C04F79EFBC}") = "ArtFlow.DAL", "ArtFlow.DAL\ArtFlow.DAL.csproj", "{439C2548-66E1-4FF7-B0C7-92D48097D6A9}"
EndProject
Project("{FAE04EC0-301F-11D3-BF4B-00C04F79EFBC}") = "ArtFlow.Core", "ArtFlow.Core\ArtFlow.Core.csproj", "{CBE43CBE-0DF0-4267-B90B-DDADA40AB46F}"
EndProject
Global
	GlobalSection(SolutionConfigurationPlatforms) = preSolution
		Debug|Any CPU = Debug|Any CPU
		Release|Any CPU = Release|Any CPU
	EndGlobalSection
	GlobalSection(ProjectConfigurationPlatforms) = postSolution
		{999E8A8A-D0A2-4EEB-9252-9DF25F3DE1FC}.Debug|Any CPU.ActiveCfg = Debug|Any CPU
		{999E8A8A-D0A2-4EEB-9252-9DF25F3DE1FC}.Debug|Any CPU.Build.0 = Debug|Any CPU
		{999E8A8A-D0A2-4EEB-9252-9DF25F3DE1FC}.Release|Any CPU.ActiveCfg = Release|Any CPU
		{999E8A8A-D0A2-4EEB-9252-9DF25F3DE1FC}.Release|Any CPU.Build.0 = Release|Any CPU
		{439C2548-66E1-4FF7-B0C7-92D48097D6A9}.Debug|Any CPU.ActiveCfg = Debug|Any CPU
		{439C2548-66E1-4FF7-B0C7-92D48097D6A9}.Debug|Any CPU.Build.0 = Debug|Any CPU
		{439C2548-66E1-4FF7-B0C7-92D48097D6A9}.Release|Any CPU.ActiveCfg = Release|Any CPU
		{439C2548-66E1-4FF7-B0C7-92D48097D6A9}.Release|Any CPU.Build.0 = Release|Any CPU
		{CBE43CBE-0DF0-4267-B90B-DDADA40AB46F}.Debug|Any CPU.ActiveCfg = Debug|Any CPU
		{CBE43CBE-0DF0-4267-B90B-DDADA40AB46F}.Debug|Any CPU.Build.0 = Debug|Any CPU
		{CBE43CBE-0DF0-4267-B90B-DDADA40AB46F}.Release|Any CPU.ActiveCfg = Release|Any CPU
		{CBE43CBE-0DF0-4267-B90B-DDADA40AB46F}.Release|Any CPU.Build.0 = Release|Any CPU
	EndGlobalSection
	GlobalSection(SolutionProperties) = preSolution
		HideSolutionNode = FALSE
	EndGlobalSection
	GlobalSection(ExtensibilityGlobals) = postSolution
		SolutionGuid = {68B7C054-24FE-4B06-A6F8-C8BC0CBD6C63}
	EndGlobalSection
EndGlobal
